
Microsoft Visual Studio Solution File, Format Version 12.00
# Visual Studio 15
VisualStudioVersion = 15.0.27428.2037
MinimumVisualStudioVersion = 10.0.40219.1
Project("{8BC9CEB8-8B4A-11D0-8D11-00A0C91BC942}") = "Application10-4", "Application10-4\Application10-4.vcxproj", "{16A1A95E-ABB6-45A3-912E-8DB56F3731F9}"
EndProject
Global
	GlobalSection(SolutionConfigurationPlatforms) = preSolution
		Debug|x64 = Debug|x64
		Debug|x86 = Debug|x86
		Release|x64 = Release|x64
		Release|x86 = Release|x86
	EndGlobalSection
	GlobalSection(ProjectConfigurationPlatforms) = postSolution
		{16A1A95E-ABB6-45A3-912E-8DB56F3731F9}.Debug|x64.ActiveCfg = Debug|x64
		{16A1A95E-ABB6-45A3-912E-8DB56F3731F9}.Debug|x64.Build.0 = Debug|x64
		{16A1A95E-ABB6-45A3-912E-8DB56F3731F9}.Debug|x86.ActiveCfg = Debug|Win32
		{16A1A95E-ABB6-45A3-912E-8DB56F3731F9}.Debug|x86.Build.0 = Debug|Win32
		{16A1A95E-ABB6-45A3-912E-8DB56F3731F9}.Release|x64.ActiveCfg = Release|x64
		{16A1A95E-ABB6-45A3-912E-8DB56F3731F9}.Release|x64.Build.0 = Release|x64
		{16A1A95E-ABB6-45A3-912E-8DB56F3731F9}.Release|x86.ActiveCfg = Release|Win32
		{16A1A95E-ABB6-45A3-912E-8DB56F3731F9}.Release|x86.Build.0 = Release|Win32
	EndGlobalSection
	GlobalSection(SolutionProperties) = preSolution
		HideSolutionNode = FALSE
	EndGlobalSection
	GlobalSection(ExtensibilityGlobals) = postSolution
		SolutionGuid = {9D208F3C-E142-4EBA-8BA9-97E9A24BDCF0}
	EndGlobalSection
EndGlobal
